
Microsoft Visual Studio Solution File, Format Version 12.00
# Visual Studio 14
VisualStudioVersion = 14.0.25420.1
MinimumVisualStudioVersion = 10.0.40219.1
Project("{FAE04EC0-301F-11D3-BF4B-00C04F79EFBC}") = "WordFinderChallenge", "WordFinderChanllenge\WordFinderChallenge.csproj", "{CE6AEB61-AFDE-4840-897A-63490362D37B}"
EndProject
Project("{FAE04EC0-301F-11D3-BF4B-00C04F79EFBC}") = "WordFinder", "WordFinder\WordFinder.csproj", "{C0737C45-46CB-493D-9723-3FD96537A43E}"
EndProject
Project("{FAE04EC0-301F-11D3-BF4B-00C04F79EFBC}") = "MatrixGenerator", "MatrixGenerator\MatrixGenerator.csproj", "{2A9C2A70-2BF6-4C4C-83AB-30A528EBFB7C}"
EndProject
Global
	GlobalSection(SolutionConfigurationPlatforms) = preSolution
		Debug|Any CPU = Debug|Any CPU
		Release|Any CPU = Release|Any CPU
	EndGlobalSection
	GlobalSection(ProjectConfigurationPlatforms) = postSolution
		{CE6AEB61-AFDE-4840-897A-63490362D37B}.Debug|Any CPU.ActiveCfg = Debug|Any CPU
		{CE6AEB61-AFDE-4840-897A-63490362D37B}.Debug|Any CPU.Build.0 = Debug|Any CPU
		{CE6AEB61-AFDE-4840-897A-63490362D37B}.Release|Any CPU.ActiveCfg = Release|Any CPU
		{CE6AEB61-AFDE-4840-897A-63490362D37B}.Release|Any CPU.Build.0 = Release|Any CPU
		{C0737C45-46CB-493D-9723-3FD96537A43E}.Debug|Any CPU.ActiveCfg = Debug|Any CPU
		{C0737C45-46CB-493D-9723-3FD96537A43E}.Debug|Any CPU.Build.0 = Debug|Any CPU
		{C0737C45-46CB-493D-9723-3FD96537A43E}.Release|Any CPU.ActiveCfg = Release|Any CPU
		{C0737C45-46CB-493D-9723-3FD96537A43E}.Release|Any CPU.Build.0 = Release|Any CPU
		{2A9C2A70-2BF6-4C4C-83AB-30A528EBFB7C}.Debug|Any CPU.ActiveCfg = Debug|Any CPU
		{2A9C2A70-2BF6-4C4C-83AB-30A528EBFB7C}.Debug|Any CPU.Build.0 = Debug|Any CPU
		{2A9C2A70-2BF6-4C4C-83AB-30A528EBFB7C}.Release|Any CPU.ActiveCfg = Release|Any CPU
		{2A9C2A70-2BF6-4C4C-83AB-30A528EBFB7C}.Release|Any CPU.Build.0 = Release|Any CPU
	EndGlobalSection
	GlobalSection(SolutionProperties) = preSolution
		HideSolutionNode = FALSE
	EndGlobalSection
EndGlobal
